<?xml version="1.0" encoding="utf-8"?>
<Project ToolsVersion="4.0" xmlns="http://schemas.microsoft.com/developer/msbuild/2003">
  <ItemGroup>
    <Filter Include="Source Files">
      <UniqueIdentifier>{4FC737F1-C7A5-4376-A066-2A32D752A2FF}</UniqueIdentifier>
      <Extensions>cpp;c;cc;cxx;def;odl;idl;hpj;bat;asm;asmx</Extensions>
    </Filter>
    <Filter Include="Header Files">
      <UniqueIdentifier>{93995380-89BD-4b04-88EB-625FBE52EBFB}</UniqueIdentifier>
      <Extensions>h;hh;hpp;hxx;hm;inl;inc;ipp;xsd</Extensions>
    </Filter>
    <Filter Include="Resource Files">
      <UniqueIdentifier>{67DA6AB6-F800-4c08-8B7A-83BB121AAD01}</UniqueIdentifier>
      <Extensions>rc;ico;cur;bmp;dlg;rc2;rct;bin;rgs;gif;jpg;jpeg;jpe;resx;tiff;tif;png;wav;mfcribbon-ms</Extensions>
    </Filter>
    <Filter Include="Hide">
      <UniqueIdentifier>{d328d3e2-685d-416e-8bce-8824ad2302f3}</UniqueIdentifier>
    </Filter>
    <Filter Include="Source Files\Bots">
      <UniqueIdentifier>{1f5cbbaa-3006-4044-957b-feee26ea393d}</UniqueIdentifier>
    </Filter>
    <Filter Include="Auth">
      <UniqueIdentifier>{c6e30603-f6b7-4d95-8eaa-6a3f3fc46dc7}</UniqueIdentifier>
    </Filter>
    <Filter Include="Auth\Sodium">
      <UniqueIdentifier>{8699c6bc-a3aa-4a44-8929-5f3e0d6d5434}</UniqueIdentifier>
    </Filter>
  </ItemGroup>
  <ItemGroup>
    <ClInclude Include="Scan.h">
      <Filter>Hide</Filter>
    </ClInclude>
    <ClInclude Include="pch.h">
      <Filter>Hide</Filter>
    </ClInclude>
    <ClInclude Include="framework.h">
      <Filter>Hide</Filter>
    </ClInclude>
    <ClInclude Include="VMT.h">
      <Filter>Hide</Filter>
    </ClInclude>
    <ClInclude Include="Helper.h">
      <Filter>Hide</Filter>
    </ClInclude>
    <ClInclude Include="Hooks.h">
      <Filter>Header Files</Filter>
    </ClInclude>
    <ClInclude Include="Patterns.h">
      <Filter>Header Files</Filter>
    </ClInclude>
    <ClInclude Include="GameClasses.h">
      <Filter>Header Files</Filter>
    </ClInclude>
    <ClInclude Include="Game.h">
      <Filter>Header Files</Filter>
    </ClInclude>
    <ClInclude Include="Inventory.h">
      <Filter>Header Files</Filter>
    </ClInclude>
    <ClInclude Include="ItemDef.h">
      <Filter>Header Files</Filter>
    </ClInclude>
    <ClInclude Include="Exception.h">
      <Filter>Hide</Filter>
    </ClInclude>
    <ClInclude Include="Render.h">
      <Filter>Header Files</Filter>
    </ClInclude>
    <ClInclude Include="Matrix.h">
      <Filter>Header Files</Filter>
    </ClInclude>
    <ClInclude Include="PlayableEntity.h">
      <Filter>Header Files</Filter>
    </ClInclude>
    <ClInclude Include="json.hpp">
      <Filter>Hide</Filter>
    </ClInclude>
    <ClInclude Include="Tile.h">
      <Filter>Header Files</Filter>
    </ClInclude>
    <ClInclude Include="Wisp.h">
      <Filter>Header Files</Filter>
    </ClInclude>
    <ClInclude Include="Widgets.h">
      <Filter>Header Files</Filter>
    </ClInclude>
    <ClInclude Include="Manager.h">
      <Filter>Header Files</Filter>
    </ClInclude>
    <ClInclude Include="Experience.h">
      <Filter>Header Files</Filter>
    </ClInclude>
    <ClInclude Include="fn_hook.h">
      <Filter>Header Files</Filter>
    </ClInclude>
    <ClInclude Include="Varpbit.h">
      <Filter>Header Files</Filter>
    </ClInclude>
    <ClInclude Include="GeneralCombat.h">
      <Filter>Header Files</Filter>
    </ClInclude>
    <ClInclude Include="AbyssCrafting.h">
      <Filter>Header Files</Filter>
    </ClInclude>
    <ClInclude Include="Common.h">
      <Filter>Header Files</Filter>
    </ClInclude>
    <ClInclude Include="Auth.h">
      <Filter>Auth</Filter>
    </ClInclude>
    <ClInclude Include="picosha2.h">
      <Filter>Auth</Filter>
    </ClInclude>
    <ClInclude Include="AnachroniaAgility.h">
      <Filter>Header Files</Filter>
    </ClInclude>
    <ClInclude Include="sodium.h">
      <Filter>Auth</Filter>
    </ClInclude>
    <ClInclude Include="XEvent.h">
      <Filter>Auth</Filter>
    </ClInclude>
    <ClInclude Include="XSocket.h">
      <Filter>Auth</Filter>
    </ClInclude>
    <ClInclude Include="sodium\crypto_auth.h">
      <Filter>Auth\Sodium</Filter>
    </ClInclude>
    <ClInclude Include="sodium\crypto_auth_hmacsha256.h">
      <Filter>Auth\Sodium</Filter>
    </ClInclude>
    <ClInclude Include="sodium\crypto_auth_hmacsha512.h">
      <Filter>Auth\Sodium</Filter>
    </ClInclude>
    <ClInclude Include="sodium\crypto_auth_hmacsha512256.h">
      <Filter>Auth\Sodium</Filter>
    </ClInclude>
    <ClInclude Include="sodium\crypto_box.h">
      <Filter>Auth\Sodium</Filter>
    </ClInclude>
    <ClInclude Include="sodium\crypto_box_curve25519xchacha20poly1305.h">
      <Filter>Auth\Sodium</Filter>
    </ClInclude>
    <ClInclude Include="sodium\crypto_box_curve25519xsalsa20poly1305.h">
      <Filter>Auth\Sodium</Filter>
    </ClInclude>
    <ClInclude Include="sodium\crypto_core_ed25519.h">
      <Filter>Auth\Sodium</Filter>
    </ClInclude>
    <ClInclude Include="sodium\crypto_core_hchacha20.h">
      <Filter>Auth\Sodium</Filter>
    </ClInclude>
    <ClInclude Include="sodium\crypto_core_hsalsa20.h">
      <Filter>Auth\Sodium</Filter>
    </ClInclude>
    <ClInclude Include="sodium\crypto_core_ristretto255.h">
      <Filter>Auth\Sodium</Filter>
    </ClInclude>
    <ClInclude Include="sodium\crypto_core_salsa20.h">
      <Filter>Auth\Sodium</Filter>
    </ClInclude>
    <ClInclude Include="sodium\crypto_core_salsa208.h">
      <Filter>Auth\Sodium</Filter>
    </ClInclude>
    <ClInclude Include="sodium\crypto_core_salsa2012.h">
      <Filter>Auth\Sodium</Filter>
    </ClInclude>
    <ClInclude Include="sodium\crypto_generichash.h">
      <Filter>Auth\Sodium</Filter>
    </ClInclude>
    <ClInclude Include="sodium\crypto_generichash_blake2b.h">
      <Filter>Auth\Sodium</Filter>
    </ClInclude>
    <ClInclude Include="sodium\crypto_hash.h">
      <Filter>Auth\Sodium</Filter>
    </ClInclude>
    <ClInclude Include="sodium\crypto_hash_sha256.h">
      <Filter>Auth\Sodium</Filter>
    </ClInclude>
    <ClInclude Include="sodium\crypto_hash_sha512.h">
      <Filter>Auth\Sodium</Filter>
    </ClInclude>
    <ClInclude Include="sodium\crypto_kdf.h">
      <Filter>Auth\Sodium</Filter>
    </ClInclude>
    <ClInclude Include="sodium\crypto_kdf_blake2b.h">
      <Filter>Auth\Sodium</Filter>
    </ClInclude>
    <ClInclude Include="sodium\crypto_kx.h">
      <Filter>Auth\Sodium</Filter>
    </ClInclude>
    <ClInclude Include="sodium\crypto_onetimeauth.h">
      <Filter>Auth\Sodium</Filter>
    </ClInclude>
    <ClInclude Include="sodium\crypto_onetimeauth_poly1305.h">
      <Filter>Auth\Sodium</Filter>
    </ClInclude>
    <ClInclude Include="sodium\crypto_pwhash.h">
      <Filter>Auth\Sodium</Filter>
    </ClInclude>
    <ClInclude Include="sodium\crypto_pwhash_argon2i.h">
      <Filter>Auth\Sodium</Filter>
    </ClInclude>
    <ClInclude Include="sodium\crypto_pwhash_argon2id.h">
      <Filter>Auth\Sodium</Filter>
    </ClInclude>
    <ClInclude Include="sodium\crypto_pwhash_scryptsalsa208sha256.h">
      <Filter>Auth\Sodium</Filter>
    </ClInclude>
    <ClInclude Include="sodium\crypto_scalarmult.h">
      <Filter>Auth\Sodium</Filter>
    </ClInclude>
    <ClInclude Include="sodium\crypto_scalarmult_curve25519.h">
      <Filter>Auth\Sodium</Filter>
    </ClInclude>
    <ClInclude Include="sodium\crypto_scalarmult_ed25519.h">
      <Filter>Auth\Sodium</Filter>
    </ClInclude>
    <ClInclude Include="sodium\crypto_scalarmult_ristretto255.h">
      <Filter>Auth\Sodium</Filter>
    </ClInclude>
    <ClInclude Include="sodium\crypto_secretbox.h">
      <Filter>Auth\Sodium</Filter>
    </ClInclude>
    <ClInclude Include="sodium\crypto_secretbox_xchacha20poly1305.h">
      <Filter>Auth\Sodium</Filter>
    </ClInclude>
    <ClInclude Include="sodium\crypto_secretbox_xsalsa20poly1305.h">
      <Filter>Auth\Sodium</Filter>
    </ClInclude>
    <ClInclude Include="sodium\crypto_secretstream_xchacha20poly1305.h">
      <Filter>Auth\Sodium</Filter>
    </ClInclude>
    <ClInclude Include="sodium\crypto_shorthash.h">
      <Filter>Auth\Sodium</Filter>
    </ClInclude>
    <ClInclude Include="sodium\crypto_shorthash_siphash24.h">
      <Filter>Auth\Sodium</Filter>
    </ClInclude>
    <ClInclude Include="sodium\crypto_sign.h">
      <Filter>Auth\Sodium</Filter>
    </ClInclude>
    <ClInclude Include="sodium\crypto_sign_ed25519.h">
      <Filter>Auth\Sodium</Filter>
    </ClInclude>
    <ClInclude Include="sodium\crypto_sign_edwards25519sha512batch.h">
      <Filter>Auth\Sodium</Filter>
    </ClInclude>
    <ClInclude Include="sodium\crypto_stream.h">
      <Filter>Auth\Sodium</Filter>
    </ClInclude>
    <ClInclude Include="sodium\crypto_stream_chacha20.h">
      <Filter>Auth\Sodium</Filter>
    </ClInclude>
    <ClInclude Include="sodium\crypto_stream_salsa20.h">
      <Filter>Auth\Sodium</Filter>
    </ClInclude>
    <ClInclude Include="sodium\crypto_stream_salsa208.h">
      <Filter>Auth\Sodium</Filter>
    </ClInclude>
    <ClInclude Include="sodium\crypto_stream_salsa2012.h">
      <Filter>Auth\Sodium</Filter>
    </ClInclude>
    <ClInclude Include="sodium\crypto_stream_xchacha20.h">
      <Filter>Auth\Sodium</Filter>
    </ClInclude>
    <ClInclude Include="sodium\crypto_stream_xsalsa20.h">
      <Filter>Auth\Sodium</Filter>
    </ClInclude>
    <ClInclude Include="sodium\crypto_verify_16.h">
      <Filter>Auth\Sodium</Filter>
    </ClInclude>
    <ClInclude Include="sodium\crypto_verify_32.h">
      <Filter>Auth\Sodium</Filter>
    </ClInclude>
    <ClInclude Include="sodium\crypto_verify_64.h">
      <Filter>Auth\Sodium</Filter>
    </ClInclude>
    <ClInclude Include="sodium\export.h">
      <Filter>Auth\Sodium</Filter>
    </ClInclude>
    <ClInclude Include="sodium\randombytes.h">
      <Filter>Auth\Sodium</Filter>
    </ClInclude>
    <ClInclude Include="sodium\randombytes_internal_random.h">
      <Filter>Auth\Sodium</Filter>
    </ClInclude>
    <ClInclude Include="sodium\randombytes_sysrandom.h">
      <Filter>Auth\Sodium</Filter>
    </ClInclude>
    <ClInclude Include="sodium\runtime.h">
      <Filter>Auth\Sodium</Filter>
    </ClInclude>
    <ClInclude Include="sodium\utils.h">
      <Filter>Auth\Sodium</Filter>
    </ClInclude>
    <ClInclude Include="sodium\version.h">
      <Filter>Auth\Sodium</Filter>
    </ClInclude>
    <ClInclude Include="sodium\core.h">
      <Filter>Auth\Sodium</Filter>
    </ClInclude>
    <ClInclude Include="sodium\crypto_aead_aes256gcm.h">
      <Filter>Auth\Sodium</Filter>
    </ClInclude>
    <ClInclude Include="sodium\crypto_aead_chacha20poly1305.h">
      <Filter>Auth\Sodium</Filter>
    </ClInclude>
    <ClInclude Include="sodium\crypto_aead_xchacha20poly1305.h">
      <Filter>Auth\Sodium</Filter>
    </ClInclude>
    <ClInclude Include="Archeology.h">
      <Filter>Header Files</Filter>
    </ClInclude>
    <ClInclude Include="WatchTowerAgi.h">
      <Filter>Header Files</Filter>
    </ClInclude>
    <ClInclude Include="Divination.h">
      <Filter>Header Files</Filter>
    </ClInclude>
    <ClInclude Include="FungalMage.h">
      <Filter>Header Files</Filter>
    </ClInclude>
    <ClInclude Include="Summoning.h">
      <Filter>Header Files</Filter>
    </ClInclude>
    <ClInclude Include="tiger.h">
      <Filter>Auth</Filter>
    </ClInclude>
    <ClInclude Include="Antiban.h">
      <Filter>Header Files</Filter>
    </ClInclude>
    <ClInclude Include="MoneyDrop.h">
      <Filter>Header Files</Filter>
    </ClInclude>
    <ClInclude Include="client_ipc.h">
      <Filter>Header Files</Filter>
    </ClInclude>
  </ItemGroup>
  <ItemGroup>
    <ClCompile Include="dllmain.cpp">
      <Filter>Source Files</Filter>
    </ClCompile>
    <ClCompile Include="Scan.cpp">
      <Filter>Hide</Filter>
    </ClCompile>
    <ClCompile Include="pch.cpp">
      <Filter>Hide</Filter>
    </ClCompile>
    <ClCompile Include="Helper.cpp">
      <Filter>Hide</Filter>
    </ClCompile>
    <ClCompile Include="Hooks.cpp">
      <Filter>Source Files</Filter>
    </ClCompile>
    <ClCompile Include="Patterns.cpp">
      <Filter>Source Files</Filter>
    </ClCompile>
    <ClCompile Include="Game.cpp">
      <Filter>Source Files</Filter>
    </ClCompile>
    <ClCompile Include="GameClasses.cpp">
      <Filter>Source Files</Filter>
    </ClCompile>
    <ClCompile Include="Inventory.cpp">
      <Filter>Source Files</Filter>
    </ClCompile>
    <ClCompile Include="ItemDef.cpp">
      <Filter>Source Files</Filter>
    </ClCompile>
    <ClCompile Include="Render.cpp">
      <Filter>Source Files</Filter>
    </ClCompile>
    <ClCompile Include="Matrix.cpp">
      <Filter>Source Files</Filter>
    </ClCompile>
    <ClCompile Include="PlayableEntity.cpp">
      <Filter>Source Files</Filter>
    </ClCompile>
    <ClCompile Include="Tile.cpp">
      <Filter>Source Files</Filter>
    </ClCompile>
    <ClCompile Include="Widgets.cpp">
      <Filter>Source Files</Filter>
    </ClCompile>
    <ClCompile Include="Experience.cpp">
      <Filter>Source Files</Filter>
    </ClCompile>
    <ClCompile Include="Varpbit.cpp">
      <Filter>Source Files</Filter>
    </ClCompile>
    <ClCompile Include="GeneralCombat.cpp">
      <Filter>Source Files\Bots</Filter>
    </ClCompile>
    <ClCompile Include="AbyssCrafting.cpp">
      <Filter>Source Files\Bots</Filter>
    </ClCompile>
    <ClCompile Include="Manager.cpp">
      <Filter>Source Files\Bots</Filter>
    </ClCompile>
    <ClCompile Include="Common.cpp">
      <Filter>Source Files\Bots</Filter>
    </ClCompile>
    <ClCompile Include="Auth.cpp">
      <Filter>Auth</Filter>
    </ClCompile>
    <ClCompile Include="AnachroniaAgility.cpp">
      <Filter>Source Files\Bots</Filter>
    </ClCompile>
    <ClCompile Include="XEvent.cpp">
      <Filter>Auth</Filter>
    </ClCompile>
    <ClCompile Include="XSocket.cpp">
      <Filter>Auth</Filter>
    </ClCompile>
    <ClCompile Include="Archeology.cpp">
      <Filter>Source Files\Bots</Filter>
    </ClCompile>
    <ClCompile Include="WatchTowerAgi.cpp">
      <Filter>Source Files\Bots</Filter>
    </ClCompile>
    <ClCompile Include="Divination.cpp">
      <Filter>Source Files\Bots</Filter>
    </ClCompile>
    <ClCompile Include="FungalMage.cpp">
      <Filter>Source Files\Bots</Filter>
    </ClCompile>
    <ClCompile Include="Summoning.cpp">
      <Filter>Source Files\Bots</Filter>
    </ClCompile>
    <ClCompile Include="Wisp.cpp">
      <Filter>Source Files\Bots</Filter>
    </ClCompile>
    <ClCompile Include="Antiban.cpp">
      <Filter>Source Files\Bots</Filter>
    </ClCompile>
    <ClCompile Include="MoneyDrop.cpp">
      <Filter>Source Files\Bots</Filter>
    </ClCompile>
    <ClCompile Include="client_ipc.cpp">
      <Filter>Source Files\Bots</Filter>
    </ClCompile>
  </ItemGroup>
</Project>